
Microsoft Visual Studio Solution File, Format Version 12.00
# Visual Studio Version 16
VisualStudioVersion = 16.0.29911.84
MinimumVisualStudioVersion = 10.0.40219.1
Project("{FAE04EC0-301F-11D3-BF4B-00C04F79EFBC}") = "Isbasatis.Entities", "Isbasatis.Entities\Isbasatis.Entities.csproj", "{CAE5E981-A5DC-4CCF-BF38-E9F75030451D}"
EndProject
Project("{FAE04EC0-301F-11D3-BF4B-00C04F79EFBC}") = "IsbaSatis.BackOffice", "IsbaSatis.BackOffice\IsbaSatis.BackOffice.csproj", "{8E651D13-31AF-441B-8E45-D472584AD409}"
EndProject
Project("{FAE04EC0-301F-11D3-BF4B-00C04F79EFBC}") = "IsbaSatis.FrontOffice", "IsbaSatis.FrontOffice\IsbaSatis.FrontOffice.csproj", "{B7DC3A4A-DBE3-422F-ADB3-09E2B8B9C305}"
EndProject
Project("{FAE04EC0-301F-11D3-BF4B-00C04F79EFBC}") = "IsbaSatis.Raporlar", "IsbaSatis.Raporlar\IsbaSatis.Raporlar.csproj", "{AB1485DC-2A63-493A-857F-CE87552F435D}"
EndProject
Project("{FAE04EC0-301F-11D3-BF4B-00C04F79EFBC}") = "IsbaSatisBackup", "IsbaSatisBackup\IsbaSatisBackup.csproj", "{FD2F7723-E809-4F42-B569-EC9864402518}"
EndProject
Project("{FAE04EC0-301F-11D3-BF4B-00C04F79EFBC}") = "IsbaSatis.Update", "DXApplication1\IsbaSatis.Update\IsbaSatis.Update.csproj", "{12FB6636-963E-4631-A049-08830A6CCD7D}"
EndProject
Project("{FAE04EC0-301F-11D3-BF4B-00C04F79EFBC}") = "IsbaSatis.Admin", "IsbaSatis.Admin\IsbaSatis.Admin.csproj", "{4F74AF1A-FB3B-4DC5-8F32-385F1D78943D}"
EndProject
Project("{FAE04EC0-301F-11D3-BF4B-00C04F79EFBC}") = "Isbasatis.LicenseManager.Client", "Isbasatis.LicenseManager.Client\Isbasatis.LicenseManager.Client.csproj", "{C3B1333B-D6C6-4395-BE1D-421050F022C9}"
EndProject
Project("{FAE04EC0-301F-11D3-BF4B-00C04F79EFBC}") = "Isbasatis.LicenseManager.LicenseCreator", "Isbasatis.LicenseManager.LicenseCreator\Isbasatis.LicenseManager.LicenseCreator.csproj", "{2EEBEC02-5B70-421E-907C-CE96D2C4E8C2}"
EndProject
Project("{FAE04EC0-301F-11D3-BF4B-00C04F79EFBC}") = "Isbasatis.LicenseManager.LicenseInformations", "Isbasatis.LicenseManager.LicenseInformations\Isbasatis.LicenseManager.LicenseInformations.csproj", "{C1EF6244-EFBC-4671-B716-DFCE891A12D2}"
EndProject
Project("{FAE04EC0-301F-11D3-BF4B-00C04F79EFBC}") = "Isbasatis.LicenseManager.Test", "Isbasatis.LicenseManager.test\Isbasatis.LicenseManager.Test.csproj", "{DC79FF8E-1470-45A1-8193-E9A232EEAC63}"
EndProject
Project("{FAE04EC0-301F-11D3-BF4B-00C04F79EFBC}") = "Isbasatis.LisansManager.SystemInformations", "Isbasatis.LisansManager.SystemInformations\Isbasatis.LisansManager.SystemInformations.csproj", "{F6CE1F14-E464-41A1-9582-126E8F86C334}"
EndProject
Global
	GlobalSection(SolutionConfigurationPlatforms) = preSolution
		Debug|Any CPU = Debug|Any CPU
		Release|Any CPU = Release|Any CPU
	EndGlobalSection
	GlobalSection(ProjectConfigurationPlatforms) = postSolution
		{CAE5E981-A5DC-4CCF-BF38-E9F75030451D}.Debug|Any CPU.ActiveCfg = Debug|Any CPU
		{CAE5E981-A5DC-4CCF-BF38-E9F75030451D}.Debug|Any CPU.Build.0 = Debug|Any CPU
		{CAE5E981-A5DC-4CCF-BF38-E9F75030451D}.Release|Any CPU.ActiveCfg = Release|Any CPU
		{CAE5E981-A5DC-4CCF-BF38-E9F75030451D}.Release|Any CPU.Build.0 = Release|Any CPU
		{8E651D13-31AF-441B-8E45-D472584AD409}.Debug|Any CPU.ActiveCfg = Debug|Any CPU
		{8E651D13-31AF-441B-8E45-D472584AD409}.Debug|Any CPU.Build.0 = Debug|Any CPU
		{8E651D13-31AF-441B-8E45-D472584AD409}.Release|Any CPU.ActiveCfg = Release|Any CPU
		{8E651D13-31AF-441B-8E45-D472584AD409}.Release|Any CPU.Build.0 = Release|Any CPU
		{B7DC3A4A-DBE3-422F-ADB3-09E2B8B9C305}.Debug|Any CPU.ActiveCfg = Debug|Any CPU
		{B7DC3A4A-DBE3-422F-ADB3-09E2B8B9C305}.Debug|Any CPU.Build.0 = Debug|Any CPU
		{B7DC3A4A-DBE3-422F-ADB3-09E2B8B9C305}.Release|Any CPU.ActiveCfg = Release|Any CPU
		{B7DC3A4A-DBE3-422F-ADB3-09E2B8B9C305}.Release|Any CPU.Build.0 = Release|Any CPU
		{AB1485DC-2A63-493A-857F-CE87552F435D}.Debug|Any CPU.ActiveCfg = Debug|Any CPU
		{AB1485DC-2A63-493A-857F-CE87552F435D}.Debug|Any CPU.Build.0 = Debug|Any CPU
		{AB1485DC-2A63-493A-857F-CE87552F435D}.Release|Any CPU.ActiveCfg = Release|Any CPU
		{AB1485DC-2A63-493A-857F-CE87552F435D}.Release|Any CPU.Build.0 = Release|Any CPU
		{FD2F7723-E809-4F42-B569-EC9864402518}.Debug|Any CPU.ActiveCfg = Debug|Any CPU
		{FD2F7723-E809-4F42-B569-EC9864402518}.Debug|Any CPU.Build.0 = Debug|Any CPU
		{FD2F7723-E809-4F42-B569-EC9864402518}.Release|Any CPU.ActiveCfg = Release|Any CPU
		{FD2F7723-E809-4F42-B569-EC9864402518}.Release|Any CPU.Build.0 = Release|Any CPU
		{12FB6636-963E-4631-A049-08830A6CCD7D}.Debug|Any CPU.ActiveCfg = Debug|Any CPU
		{12FB6636-963E-4631-A049-08830A6CCD7D}.Debug|Any CPU.Build.0 = Debug|Any CPU
		{12FB6636-963E-4631-A049-08830A6CCD7D}.Release|Any CPU.ActiveCfg = Release|Any CPU
		{12FB6636-963E-4631-A049-08830A6CCD7D}.Release|Any CPU.Build.0 = Release|Any CPU
		{4F74AF1A-FB3B-4DC5-8F32-385F1D78943D}.Debug|Any CPU.ActiveCfg = Debug|Any CPU
		{4F74AF1A-FB3B-4DC5-8F32-385F1D78943D}.Debug|Any CPU.Build.0 = Debug|Any CPU
		{4F74AF1A-FB3B-4DC5-8F32-385F1D78943D}.Release|Any CPU.ActiveCfg = Release|Any CPU
		{4F74AF1A-FB3B-4DC5-8F32-385F1D78943D}.Release|Any CPU.Build.0 = Release|Any CPU
		{C3B1333B-D6C6-4395-BE1D-421050F022C9}.Debug|Any CPU.ActiveCfg = Debug|Any CPU
		{C3B1333B-D6C6-4395-BE1D-421050F022C9}.Debug|Any CPU.Build.0 = Debug|Any CPU
		{C3B1333B-D6C6-4395-BE1D-421050F022C9}.Release|Any CPU.ActiveCfg = Release|Any CPU
		{C3B1333B-D6C6-4395-BE1D-421050F022C9}.Release|Any CPU.Build.0 = Release|Any CPU
		{2EEBEC02-5B70-421E-907C-CE96D2C4E8C2}.Debug|Any CPU.ActiveCfg = Debug|Any CPU
		{2EEBEC02-5B70-421E-907C-CE96D2C4E8C2}.Debug|Any CPU.Build.0 = Debug|Any CPU
		{2EEBEC02-5B70-421E-907C-CE96D2C4E8C2}.Release|Any CPU.ActiveCfg = Release|Any CPU
		{2EEBEC02-5B70-421E-907C-CE96D2C4E8C2}.Release|Any CPU.Build.0 = Release|Any CPU
		{C1EF6244-EFBC-4671-B716-DFCE891A12D2}.Debug|Any CPU.ActiveCfg = Debug|Any CPU
		{C1EF6244-EFBC-4671-B716-DFCE891A12D2}.Debug|Any CPU.Build.0 = Debug|Any CPU
		{C1EF6244-EFBC-4671-B716-DFCE891A12D2}.Release|Any CPU.ActiveCfg = Release|Any CPU
		{C1EF6244-EFBC-4671-B716-DFCE891A12D2}.Release|Any CPU.Build.0 = Release|Any CPU
		{DC79FF8E-1470-45A1-8193-E9A232EEAC63}.Debug|Any CPU.ActiveCfg = Debug|Any CPU
		{DC79FF8E-1470-45A1-8193-E9A232EEAC63}.Debug|Any CPU.Build.0 = Debug|Any CPU
		{DC79FF8E-1470-45A1-8193-E9A232EEAC63}.Release|Any CPU.ActiveCfg = Release|Any CPU
		{DC79FF8E-1470-45A1-8193-E9A232EEAC63}.Release|Any CPU.Build.0 = Release|Any CPU
		{F6CE1F14-E464-41A1-9582-126E8F86C334}.Debug|Any CPU.ActiveCfg = Debug|Any CPU
		{F6CE1F14-E464-41A1-9582-126E8F86C334}.Debug|Any CPU.Build.0 = Debug|Any CPU
		{F6CE1F14-E464-41A1-9582-126E8F86C334}.Release|Any CPU.ActiveCfg = Release|Any CPU
		{F6CE1F14-E464-41A1-9582-126E8F86C334}.Release|Any CPU.Build.0 = Release|Any CPU
	EndGlobalSection
	GlobalSection(SolutionProperties) = preSolution
		HideSolutionNode = FALSE
	EndGlobalSection
	GlobalSection(ExtensibilityGlobals) = postSolution
		SolutionGuid = {097032F6-DB5B-4336-9A55-BCB2AB177CA9}
	EndGlobalSection
EndGlobal
