
Microsoft Visual Studio Solution File, Format Version 12.00
# Visual Studio Version 16
VisualStudioVersion = 16.0.32602.291
MinimumVisualStudioVersion = 10.0.40219.1
Project("{FAE04EC0-301F-11D3-BF4B-00C04F79EFBC}") = "Isbasatis.Entities", "Isbasatis.Entities\Isbasatis.Entities.csproj", "{CAE5E981-A5DC-4CCF-BF38-E9F75030451D}"
EndProject
Project("{FAE04EC0-301F-11D3-BF4B-00C04F79EFBC}") = "IsbaSatis.BackOffice", "IsbaSatis.BackOffice\IsbaSatis.BackOffice.csproj", "{8E651D13-31AF-441B-8E45-D472584AD409}"
EndProject
Project("{FAE04EC0-301F-11D3-BF4B-00C04F79EFBC}") = "IsbaSatis.FrontOffice", "IsbaSatis.FrontOffice\IsbaSatis.FrontOffice.csproj", "{B7DC3A4A-DBE3-422F-ADB3-09E2B8B9C305}"
EndProject
Project("{FAE04EC0-301F-11D3-BF4B-00C04F79EFBC}") = "IsbaSatis.Raporlar", "IsbaSatis.Raporlar\IsbaSatis.Raporlar.csproj", "{AB1485DC-2A63-493A-857F-CE87552F435D}"
EndProject
Project("{FAE04EC0-301F-11D3-BF4B-00C04F79EFBC}") = "IsbaSatisBackup", "IsbaSatisBackup\IsbaSatisBackup.csproj", "{FD2F7723-E809-4F42-B569-EC9864402518}"
EndProject
Project("{FAE04EC0-301F-11D3-BF4B-00C04F79EFBC}") = "IsbaSatis.Update", "DXApplication1\IsbaSatis.Update\IsbaSatis.Update.csproj", "{12FB6636-963E-4631-A049-08830A6CCD7D}"
EndProject
Project("{FAE04EC0-301F-11D3-BF4B-00C04F79EFBC}") = "IsbaSatis.Admin", "IsbaSatis.Admin\IsbaSatis.Admin.csproj", "{4F74AF1A-FB3B-4DC5-8F32-385F1D78943D}"
EndProject
Project("{FAE04EC0-301F-11D3-BF4B-00C04F79EFBC}") = "Isbasatis.LicenseManager.LicenseCreator", "Isbasatis.LicenseManager.LicenseCreator\Isbasatis.LicenseManager.LicenseCreator.csproj", "{2EEBEC02-5B70-421E-907C-CE96D2C4E8C2}"
EndProject
Project("{FAE04EC0-301F-11D3-BF4B-00C04F79EFBC}") = "Isbasatis.LicenseManager.LicenseInformations", "Isbasatis.LicenseManager.LicenseInformations\Isbasatis.LicenseManager.LicenseInformations.csproj", "{C1EF6244-EFBC-4671-B716-DFCE891A12D2}"
EndProject
Project("{FAE04EC0-301F-11D3-BF4B-00C04F79EFBC}") = "IsbaSatis.LicenseManager.LicenseServer", "IsbaSatis.LicenseManager.LicenseServer\IsbaSatis.LicenseManager.LicenseServer.csproj", "{4F35451A-B517-4418-8A4C-90E10B2B3781}"
EndProject
Project("{FAE04EC0-301F-11D3-BF4B-00C04F79EFBC}") = "IsbaSatis.LisansManager.TCPClient", "IsbaSatis.LisansManager.TCPClient\IsbaSatis.LisansManager.TCPClient.csproj", "{CA8E33EB-1B95-4529-A7A8-92F8F2C755A5}"
EndProject
Project("{9A19103F-16F7-4668-BE54-9A1E7A4F7556}") = "Isbasatis.LicenseManager.API", "Isbasatis.LicenseManager.API\Isbasatis.LicenseManager.API.csproj", "{8EBF2CB0-1BB7-4C52-A63E-F0092BD3C3CA}"
EndProject
Project("{FAE04EC0-301F-11D3-BF4B-00C04F79EFBC}") = "isbasatis.WebApi", "isbasatis.WebApi\isbasatis.WebApi.csproj", "{EC35561B-D4F8-4D4C-8C67-2693DC75AC66}"
EndProject
Project("{FAE04EC0-301F-11D3-BF4B-00C04F79EFBC}") = "isbasatis.MvcWebETicaret", "isbasatis.MvcWebETicaret\isbasatis.MvcWebETicaret.csproj", "{9512AC33-AB00-4003-884E-3FEB3EB08EA5}"
EndProject
Global
	GlobalSection(SolutionConfigurationPlatforms) = preSolution
		Debug|Any CPU = Debug|Any CPU
		Debug|iPhone = Debug|iPhone
		Debug|iPhoneSimulator = Debug|iPhoneSimulator
		Debug|x86 = Debug|x86
		Release|Any CPU = Release|Any CPU
		Release|iPhone = Release|iPhone
		Release|iPhoneSimulator = Release|iPhoneSimulator
		Release|x86 = Release|x86
	EndGlobalSection
	GlobalSection(ProjectConfigurationPlatforms) = postSolution
		{CAE5E981-A5DC-4CCF-BF38-E9F75030451D}.Debug|Any CPU.ActiveCfg = Debug|Any CPU
		{CAE5E981-A5DC-4CCF-BF38-E9F75030451D}.Debug|Any CPU.Build.0 = Debug|Any CPU
		{CAE5E981-A5DC-4CCF-BF38-E9F75030451D}.Debug|iPhone.ActiveCfg = Debug|Any CPU
		{CAE5E981-A5DC-4CCF-BF38-E9F75030451D}.Debug|iPhone.Build.0 = Debug|Any CPU
		{CAE5E981-A5DC-4CCF-BF38-E9F75030451D}.Debug|iPhoneSimulator.ActiveCfg = Debug|Any CPU
		{CAE5E981-A5DC-4CCF-BF38-E9F75030451D}.Debug|iPhoneSimulator.Build.0 = Debug|Any CPU
		{CAE5E981-A5DC-4CCF-BF38-E9F75030451D}.Debug|x86.ActiveCfg = Debug|Any CPU
		{CAE5E981-A5DC-4CCF-BF38-E9F75030451D}.Debug|x86.Build.0 = Debug|Any CPU
		{CAE5E981-A5DC-4CCF-BF38-E9F75030451D}.Release|Any CPU.ActiveCfg = Release|Any CPU
		{CAE5E981-A5DC-4CCF-BF38-E9F75030451D}.Release|Any CPU.Build.0 = Release|Any CPU
		{CAE5E981-A5DC-4CCF-BF38-E9F75030451D}.Release|iPhone.ActiveCfg = Release|Any CPU
		{CAE5E981-A5DC-4CCF-BF38-E9F75030451D}.Release|iPhone.Build.0 = Release|Any CPU
		{CAE5E981-A5DC-4CCF-BF38-E9F75030451D}.Release|iPhoneSimulator.ActiveCfg = Release|Any CPU
		{CAE5E981-A5DC-4CCF-BF38-E9F75030451D}.Release|iPhoneSimulator.Build.0 = Release|Any CPU
		{CAE5E981-A5DC-4CCF-BF38-E9F75030451D}.Release|x86.ActiveCfg = Release|Any CPU
		{CAE5E981-A5DC-4CCF-BF38-E9F75030451D}.Release|x86.Build.0 = Release|Any CPU
		{8E651D13-31AF-441B-8E45-D472584AD409}.Debug|Any CPU.ActiveCfg = Debug|Any CPU
		{8E651D13-31AF-441B-8E45-D472584AD409}.Debug|Any CPU.Build.0 = Debug|Any CPU
		{8E651D13-31AF-441B-8E45-D472584AD409}.Debug|iPhone.ActiveCfg = Debug|Any CPU
		{8E651D13-31AF-441B-8E45-D472584AD409}.Debug|iPhone.Build.0 = Debug|Any CPU
		{8E651D13-31AF-441B-8E45-D472584AD409}.Debug|iPhoneSimulator.ActiveCfg = Debug|Any CPU
		{8E651D13-31AF-441B-8E45-D472584AD409}.Debug|iPhoneSimulator.Build.0 = Debug|Any CPU
		{8E651D13-31AF-441B-8E45-D472584AD409}.Debug|x86.ActiveCfg = Debug|Any CPU
		{8E651D13-31AF-441B-8E45-D472584AD409}.Debug|x86.Build.0 = Debug|Any CPU
		{8E651D13-31AF-441B-8E45-D472584AD409}.Release|Any CPU.ActiveCfg = Release|Any CPU
		{8E651D13-31AF-441B-8E45-D472584AD409}.Release|Any CPU.Build.0 = Release|Any CPU
		{8E651D13-31AF-441B-8E45-D472584AD409}.Release|iPhone.ActiveCfg = Release|Any CPU
		{8E651D13-31AF-441B-8E45-D472584AD409}.Release|iPhone.Build.0 = Release|Any CPU
		{8E651D13-31AF-441B-8E45-D472584AD409}.Release|iPhoneSimulator.ActiveCfg = Release|Any CPU
		{8E651D13-31AF-441B-8E45-D472584AD409}.Release|iPhoneSimulator.Build.0 = Release|Any CPU
		{8E651D13-31AF-441B-8E45-D472584AD409}.Release|x86.ActiveCfg = Release|Any CPU
		{8E651D13-31AF-441B-8E45-D472584AD409}.Release|x86.Build.0 = Release|Any CPU
		{B7DC3A4A-DBE3-422F-ADB3-09E2B8B9C305}.Debug|Any CPU.ActiveCfg = Debug|Any CPU
		{B7DC3A4A-DBE3-422F-ADB3-09E2B8B9C305}.Debug|Any CPU.Build.0 = Debug|Any CPU
		{B7DC3A4A-DBE3-422F-ADB3-09E2B8B9C305}.Debug|iPhone.ActiveCfg = Debug|Any CPU
		{B7DC3A4A-DBE3-422F-ADB3-09E2B8B9C305}.Debug|iPhone.Build.0 = Debug|Any CPU
		{B7DC3A4A-DBE3-422F-ADB3-09E2B8B9C305}.Debug|iPhoneSimulator.ActiveCfg = Debug|Any CPU
		{B7DC3A4A-DBE3-422F-ADB3-09E2B8B9C305}.Debug|iPhoneSimulator.Build.0 = Debug|Any CPU
		{B7DC3A4A-DBE3-422F-ADB3-09E2B8B9C305}.Debug|x86.ActiveCfg = Debug|Any CPU
		{B7DC3A4A-DBE3-422F-ADB3-09E2B8B9C305}.Debug|x86.Build.0 = Debug|Any CPU
		{B7DC3A4A-DBE3-422F-ADB3-09E2B8B9C305}.Release|Any CPU.ActiveCfg = Release|Any CPU
		{B7DC3A4A-DBE3-422F-ADB3-09E2B8B9C305}.Release|Any CPU.Build.0 = Release|Any CPU
		{B7DC3A4A-DBE3-422F-ADB3-09E2B8B9C305}.Release|iPhone.ActiveCfg = Release|Any CPU
		{B7DC3A4A-DBE3-422F-ADB3-09E2B8B9C305}.Release|iPhone.Build.0 = Release|Any CPU
		{B7DC3A4A-DBE3-422F-ADB3-09E2B8B9C305}.Release|iPhoneSimulator.ActiveCfg = Release|Any CPU
		{B7DC3A4A-DBE3-422F-ADB3-09E2B8B9C305}.Release|iPhoneSimulator.Build.0 = Release|Any CPU
		{B7DC3A4A-DBE3-422F-ADB3-09E2B8B9C305}.Release|x86.ActiveCfg = Release|Any CPU
		{B7DC3A4A-DBE3-422F-ADB3-09E2B8B9C305}.Release|x86.Build.0 = Release|Any CPU
		{AB1485DC-2A63-493A-857F-CE87552F435D}.Debug|Any CPU.ActiveCfg = Debug|Any CPU
		{AB1485DC-2A63-493A-857F-CE87552F435D}.Debug|Any CPU.Build.0 = Debug|Any CPU
		{AB1485DC-2A63-493A-857F-CE87552F435D}.Debug|iPhone.ActiveCfg = Debug|Any CPU
		{AB1485DC-2A63-493A-857F-CE87552F435D}.Debug|iPhone.Build.0 = Debug|Any CPU
		{AB1485DC-2A63-493A-857F-CE87552F435D}.Debug|iPhoneSimulator.ActiveCfg = Debug|Any CPU
		{AB1485DC-2A63-493A-857F-CE87552F435D}.Debug|iPhoneSimulator.Build.0 = Debug|Any CPU
		{AB1485DC-2A63-493A-857F-CE87552F435D}.Debug|x86.ActiveCfg = Debug|Any CPU
		{AB1485DC-2A63-493A-857F-CE87552F435D}.Debug|x86.Build.0 = Debug|Any CPU
		{AB1485DC-2A63-493A-857F-CE87552F435D}.Release|Any CPU.ActiveCfg = Release|Any CPU
		{AB1485DC-2A63-493A-857F-CE87552F435D}.Release|Any CPU.Build.0 = Release|Any CPU
		{AB1485DC-2A63-493A-857F-CE87552F435D}.Release|iPhone.ActiveCfg = Release|Any CPU
		{AB1485DC-2A63-493A-857F-CE87552F435D}.Release|iPhone.Build.0 = Release|Any CPU
		{AB1485DC-2A63-493A-857F-CE87552F435D}.Release|iPhoneSimulator.ActiveCfg = Release|Any CPU
		{AB1485DC-2A63-493A-857F-CE87552F435D}.Release|iPhoneSimulator.Build.0 = Release|Any CPU
		{AB1485DC-2A63-493A-857F-CE87552F435D}.Release|x86.ActiveCfg = Release|Any CPU
		{AB1485DC-2A63-493A-857F-CE87552F435D}.Release|x86.Build.0 = Release|Any CPU
		{FD2F7723-E809-4F42-B569-EC9864402518}.Debug|Any CPU.ActiveCfg = Debug|Any CPU
		{FD2F7723-E809-4F42-B569-EC9864402518}.Debug|Any CPU.Build.0 = Debug|Any CPU
		{FD2F7723-E809-4F42-B569-EC9864402518}.Debug|iPhone.ActiveCfg = Debug|Any CPU
		{FD2F7723-E809-4F42-B569-EC9864402518}.Debug|iPhone.Build.0 = Debug|Any CPU
		{FD2F7723-E809-4F42-B569-EC9864402518}.Debug|iPhoneSimulator.ActiveCfg = Debug|Any CPU
		{FD2F7723-E809-4F42-B569-EC9864402518}.Debug|iPhoneSimulator.Build.0 = Debug|Any CPU
		{FD2F7723-E809-4F42-B569-EC9864402518}.Debug|x86.ActiveCfg = Debug|Any CPU
		{FD2F7723-E809-4F42-B569-EC9864402518}.Debug|x86.Build.0 = Debug|Any CPU
		{FD2F7723-E809-4F42-B569-EC9864402518}.Release|Any CPU.ActiveCfg = Release|Any CPU
		{FD2F7723-E809-4F42-B569-EC9864402518}.Release|Any CPU.Build.0 = Release|Any CPU
		{FD2F7723-E809-4F42-B569-EC9864402518}.Release|iPhone.ActiveCfg = Release|Any CPU
		{FD2F7723-E809-4F42-B569-EC9864402518}.Release|iPhone.Build.0 = Release|Any CPU
		{FD2F7723-E809-4F42-B569-EC9864402518}.Release|iPhoneSimulator.ActiveCfg = Release|Any CPU
		{FD2F7723-E809-4F42-B569-EC9864402518}.Release|iPhoneSimulator.Build.0 = Release|Any CPU
		{FD2F7723-E809-4F42-B569-EC9864402518}.Release|x86.ActiveCfg = Release|Any CPU
		{FD2F7723-E809-4F42-B569-EC9864402518}.Release|x86.Build.0 = Release|Any CPU
		{12FB6636-963E-4631-A049-08830A6CCD7D}.Debug|Any CPU.ActiveCfg = Debug|Any CPU
		{12FB6636-963E-4631-A049-08830A6CCD7D}.Debug|Any CPU.Build.0 = Debug|Any CPU
		{12FB6636-963E-4631-A049-08830A6CCD7D}.Debug|iPhone.ActiveCfg = Debug|Any CPU
		{12FB6636-963E-4631-A049-08830A6CCD7D}.Debug|iPhone.Build.0 = Debug|Any CPU
		{12FB6636-963E-4631-A049-08830A6CCD7D}.Debug|iPhoneSimulator.ActiveCfg = Debug|Any CPU
		{12FB6636-963E-4631-A049-08830A6CCD7D}.Debug|iPhoneSimulator.Build.0 = Debug|Any CPU
		{12FB6636-963E-4631-A049-08830A6CCD7D}.Debug|x86.ActiveCfg = Debug|Any CPU
		{12FB6636-963E-4631-A049-08830A6CCD7D}.Debug|x86.Build.0 = Debug|Any CPU
		{12FB6636-963E-4631-A049-08830A6CCD7D}.Release|Any CPU.ActiveCfg = Release|Any CPU
		{12FB6636-963E-4631-A049-08830A6CCD7D}.Release|Any CPU.Build.0 = Release|Any CPU
		{12FB6636-963E-4631-A049-08830A6CCD7D}.Release|iPhone.ActiveCfg = Release|Any CPU
		{12FB6636-963E-4631-A049-08830A6CCD7D}.Release|iPhone.Build.0 = Release|Any CPU
		{12FB6636-963E-4631-A049-08830A6CCD7D}.Release|iPhoneSimulator.ActiveCfg = Release|Any CPU
		{12FB6636-963E-4631-A049-08830A6CCD7D}.Release|iPhoneSimulator.Build.0 = Release|Any CPU
		{12FB6636-963E-4631-A049-08830A6CCD7D}.Release|x86.ActiveCfg = Release|Any CPU
		{12FB6636-963E-4631-A049-08830A6CCD7D}.Release|x86.Build.0 = Release|Any CPU
		{4F74AF1A-FB3B-4DC5-8F32-385F1D78943D}.Debug|Any CPU.ActiveCfg = Debug|Any CPU
		{4F74AF1A-FB3B-4DC5-8F32-385F1D78943D}.Debug|Any CPU.Build.0 = Debug|Any CPU
		{4F74AF1A-FB3B-4DC5-8F32-385F1D78943D}.Debug|iPhone.ActiveCfg = Debug|Any CPU
		{4F74AF1A-FB3B-4DC5-8F32-385F1D78943D}.Debug|iPhone.Build.0 = Debug|Any CPU
		{4F74AF1A-FB3B-4DC5-8F32-385F1D78943D}.Debug|iPhoneSimulator.ActiveCfg = Debug|Any CPU
		{4F74AF1A-FB3B-4DC5-8F32-385F1D78943D}.Debug|iPhoneSimulator.Build.0 = Debug|Any CPU
		{4F74AF1A-FB3B-4DC5-8F32-385F1D78943D}.Debug|x86.ActiveCfg = Debug|Any CPU
		{4F74AF1A-FB3B-4DC5-8F32-385F1D78943D}.Debug|x86.Build.0 = Debug|Any CPU
		{4F74AF1A-FB3B-4DC5-8F32-385F1D78943D}.Release|Any CPU.ActiveCfg = Release|Any CPU
		{4F74AF1A-FB3B-4DC5-8F32-385F1D78943D}.Release|Any CPU.Build.0 = Release|Any CPU
		{4F74AF1A-FB3B-4DC5-8F32-385F1D78943D}.Release|iPhone.ActiveCfg = Release|Any CPU
		{4F74AF1A-FB3B-4DC5-8F32-385F1D78943D}.Release|iPhone.Build.0 = Release|Any CPU
		{4F74AF1A-FB3B-4DC5-8F32-385F1D78943D}.Release|iPhoneSimulator.ActiveCfg = Release|Any CPU
		{4F74AF1A-FB3B-4DC5-8F32-385F1D78943D}.Release|iPhoneSimulator.Build.0 = Release|Any CPU
		{4F74AF1A-FB3B-4DC5-8F32-385F1D78943D}.Release|x86.ActiveCfg = Release|Any CPU
		{4F74AF1A-FB3B-4DC5-8F32-385F1D78943D}.Release|x86.Build.0 = Release|Any CPU
		{2EEBEC02-5B70-421E-907C-CE96D2C4E8C2}.Debug|Any CPU.ActiveCfg = Debug|Any CPU
		{2EEBEC02-5B70-421E-907C-CE96D2C4E8C2}.Debug|Any CPU.Build.0 = Debug|Any CPU
		{2EEBEC02-5B70-421E-907C-CE96D2C4E8C2}.Debug|iPhone.ActiveCfg = Debug|Any CPU
		{2EEBEC02-5B70-421E-907C-CE96D2C4E8C2}.Debug|iPhone.Build.0 = Debug|Any CPU
		{2EEBEC02-5B70-421E-907C-CE96D2C4E8C2}.Debug|iPhoneSimulator.ActiveCfg = Debug|Any CPU
		{2EEBEC02-5B70-421E-907C-CE96D2C4E8C2}.Debug|iPhoneSimulator.Build.0 = Debug|Any CPU
		{2EEBEC02-5B70-421E-907C-CE96D2C4E8C2}.Debug|x86.ActiveCfg = Debug|Any CPU
		{2EEBEC02-5B70-421E-907C-CE96D2C4E8C2}.Debug|x86.Build.0 = Debug|Any CPU
		{2EEBEC02-5B70-421E-907C-CE96D2C4E8C2}.Release|Any CPU.ActiveCfg = Release|Any CPU
		{2EEBEC02-5B70-421E-907C-CE96D2C4E8C2}.Release|Any CPU.Build.0 = Release|Any CPU
		{2EEBEC02-5B70-421E-907C-CE96D2C4E8C2}.Release|iPhone.ActiveCfg = Release|Any CPU
		{2EEBEC02-5B70-421E-907C-CE96D2C4E8C2}.Release|iPhone.Build.0 = Release|Any CPU
		{2EEBEC02-5B70-421E-907C-CE96D2C4E8C2}.Release|iPhoneSimulator.ActiveCfg = Release|Any CPU
		{2EEBEC02-5B70-421E-907C-CE96D2C4E8C2}.Release|iPhoneSimulator.Build.0 = Release|Any CPU
		{2EEBEC02-5B70-421E-907C-CE96D2C4E8C2}.Release|x86.ActiveCfg = Release|Any CPU
		{2EEBEC02-5B70-421E-907C-CE96D2C4E8C2}.Release|x86.Build.0 = Release|Any CPU
		{C1EF6244-EFBC-4671-B716-DFCE891A12D2}.Debug|Any CPU.ActiveCfg = Debug|Any CPU
		{C1EF6244-EFBC-4671-B716-DFCE891A12D2}.Debug|Any CPU.Build.0 = Debug|Any CPU
		{C1EF6244-EFBC-4671-B716-DFCE891A12D2}.Debug|iPhone.ActiveCfg = Debug|Any CPU
		{C1EF6244-EFBC-4671-B716-DFCE891A12D2}.Debug|iPhone.Build.0 = Debug|Any CPU
		{C1EF6244-EFBC-4671-B716-DFCE891A12D2}.Debug|iPhoneSimulator.ActiveCfg = Debug|Any CPU
		{C1EF6244-EFBC-4671-B716-DFCE891A12D2}.Debug|iPhoneSimulator.Build.0 = Debug|Any CPU
		{C1EF6244-EFBC-4671-B716-DFCE891A12D2}.Debug|x86.ActiveCfg = Debug|Any CPU
		{C1EF6244-EFBC-4671-B716-DFCE891A12D2}.Debug|x86.Build.0 = Debug|Any CPU
		{C1EF6244-EFBC-4671-B716-DFCE891A12D2}.Release|Any CPU.ActiveCfg = Release|Any CPU
		{C1EF6244-EFBC-4671-B716-DFCE891A12D2}.Release|Any CPU.Build.0 = Release|Any CPU
		{C1EF6244-EFBC-4671-B716-DFCE891A12D2}.Release|iPhone.ActiveCfg = Release|Any CPU
		{C1EF6244-EFBC-4671-B716-DFCE891A12D2}.Release|iPhone.Build.0 = Release|Any CPU
		{C1EF6244-EFBC-4671-B716-DFCE891A12D2}.Release|iPhoneSimulator.ActiveCfg = Release|Any CPU
		{C1EF6244-EFBC-4671-B716-DFCE891A12D2}.Release|iPhoneSimulator.Build.0 = Release|Any CPU
		{C1EF6244-EFBC-4671-B716-DFCE891A12D2}.Release|x86.ActiveCfg = Release|Any CPU
		{C1EF6244-EFBC-4671-B716-DFCE891A12D2}.Release|x86.Build.0 = Release|Any CPU
		{4F35451A-B517-4418-8A4C-90E10B2B3781}.Debug|Any CPU.ActiveCfg = Debug|Any CPU
		{4F35451A-B517-4418-8A4C-90E10B2B3781}.Debug|Any CPU.Build.0 = Debug|Any CPU
		{4F35451A-B517-4418-8A4C-90E10B2B3781}.Debug|iPhone.ActiveCfg = Debug|Any CPU
		{4F35451A-B517-4418-8A4C-90E10B2B3781}.Debug|iPhone.Build.0 = Debug|Any CPU
		{4F35451A-B517-4418-8A4C-90E10B2B3781}.Debug|iPhoneSimulator.ActiveCfg = Debug|Any CPU
		{4F35451A-B517-4418-8A4C-90E10B2B3781}.Debug|iPhoneSimulator.Build.0 = Debug|Any CPU
		{4F35451A-B517-4418-8A4C-90E10B2B3781}.Debug|x86.ActiveCfg = Debug|Any CPU
		{4F35451A-B517-4418-8A4C-90E10B2B3781}.Debug|x86.Build.0 = Debug|Any CPU
		{4F35451A-B517-4418-8A4C-90E10B2B3781}.Release|Any CPU.ActiveCfg = Release|Any CPU
		{4F35451A-B517-4418-8A4C-90E10B2B3781}.Release|Any CPU.Build.0 = Release|Any CPU
		{4F35451A-B517-4418-8A4C-90E10B2B3781}.Release|iPhone.ActiveCfg = Release|Any CPU
		{4F35451A-B517-4418-8A4C-90E10B2B3781}.Release|iPhone.Build.0 = Release|Any CPU
		{4F35451A-B517-4418-8A4C-90E10B2B3781}.Release|iPhoneSimulator.ActiveCfg = Release|Any CPU
		{4F35451A-B517-4418-8A4C-90E10B2B3781}.Release|iPhoneSimulator.Build.0 = Release|Any CPU
		{4F35451A-B517-4418-8A4C-90E10B2B3781}.Release|x86.ActiveCfg = Release|Any CPU
		{4F35451A-B517-4418-8A4C-90E10B2B3781}.Release|x86.Build.0 = Release|Any CPU
		{CA8E33EB-1B95-4529-A7A8-92F8F2C755A5}.Debug|Any CPU.ActiveCfg = Debug|Any CPU
		{CA8E33EB-1B95-4529-A7A8-92F8F2C755A5}.Debug|Any CPU.Build.0 = Debug|Any CPU
		{CA8E33EB-1B95-4529-A7A8-92F8F2C755A5}.Debug|iPhone.ActiveCfg = Debug|Any CPU
		{CA8E33EB-1B95-4529-A7A8-92F8F2C755A5}.Debug|iPhone.Build.0 = Debug|Any CPU
		{CA8E33EB-1B95-4529-A7A8-92F8F2C755A5}.Debug|iPhoneSimulator.ActiveCfg = Debug|Any CPU
		{CA8E33EB-1B95-4529-A7A8-92F8F2C755A5}.Debug|iPhoneSimulator.Build.0 = Debug|Any CPU
		{CA8E33EB-1B95-4529-A7A8-92F8F2C755A5}.Debug|x86.ActiveCfg = Debug|Any CPU
		{CA8E33EB-1B95-4529-A7A8-92F8F2C755A5}.Debug|x86.Build.0 = Debug|Any CPU
		{CA8E33EB-1B95-4529-A7A8-92F8F2C755A5}.Release|Any CPU.ActiveCfg = Release|Any CPU
		{CA8E33EB-1B95-4529-A7A8-92F8F2C755A5}.Release|Any CPU.Build.0 = Release|Any CPU
		{CA8E33EB-1B95-4529-A7A8-92F8F2C755A5}.Release|iPhone.ActiveCfg = Release|Any CPU
		{CA8E33EB-1B95-4529-A7A8-92F8F2C755A5}.Release|iPhone.Build.0 = Release|Any CPU
		{CA8E33EB-1B95-4529-A7A8-92F8F2C755A5}.Release|iPhoneSimulator.ActiveCfg = Release|Any CPU
		{CA8E33EB-1B95-4529-A7A8-92F8F2C755A5}.Release|iPhoneSimulator.Build.0 = Release|Any CPU
		{CA8E33EB-1B95-4529-A7A8-92F8F2C755A5}.Release|x86.ActiveCfg = Release|Any CPU
		{CA8E33EB-1B95-4529-A7A8-92F8F2C755A5}.Release|x86.Build.0 = Release|Any CPU
		{8EBF2CB0-1BB7-4C52-A63E-F0092BD3C3CA}.Debug|Any CPU.ActiveCfg = Debug|Any CPU
		{8EBF2CB0-1BB7-4C52-A63E-F0092BD3C3CA}.Debug|Any CPU.Build.0 = Debug|Any CPU
		{8EBF2CB0-1BB7-4C52-A63E-F0092BD3C3CA}.Debug|iPhone.ActiveCfg = Debug|Any CPU
		{8EBF2CB0-1BB7-4C52-A63E-F0092BD3C3CA}.Debug|iPhone.Build.0 = Debug|Any CPU
		{8EBF2CB0-1BB7-4C52-A63E-F0092BD3C3CA}.Debug|iPhoneSimulator.ActiveCfg = Debug|Any CPU
		{8EBF2CB0-1BB7-4C52-A63E-F0092BD3C3CA}.Debug|iPhoneSimulator.Build.0 = Debug|Any CPU
		{8EBF2CB0-1BB7-4C52-A63E-F0092BD3C3CA}.Debug|x86.ActiveCfg = Debug|Any CPU
		{8EBF2CB0-1BB7-4C52-A63E-F0092BD3C3CA}.Debug|x86.Build.0 = Debug|Any CPU
		{8EBF2CB0-1BB7-4C52-A63E-F0092BD3C3CA}.Release|Any CPU.ActiveCfg = Release|Any CPU
		{8EBF2CB0-1BB7-4C52-A63E-F0092BD3C3CA}.Release|Any CPU.Build.0 = Release|Any CPU
		{8EBF2CB0-1BB7-4C52-A63E-F0092BD3C3CA}.Release|iPhone.ActiveCfg = Release|Any CPU
		{8EBF2CB0-1BB7-4C52-A63E-F0092BD3C3CA}.Release|iPhone.Build.0 = Release|Any CPU
		{8EBF2CB0-1BB7-4C52-A63E-F0092BD3C3CA}.Release|iPhoneSimulator.ActiveCfg = Release|Any CPU
		{8EBF2CB0-1BB7-4C52-A63E-F0092BD3C3CA}.Release|iPhoneSimulator.Build.0 = Release|Any CPU
		{8EBF2CB0-1BB7-4C52-A63E-F0092BD3C3CA}.Release|x86.ActiveCfg = Release|Any CPU
		{8EBF2CB0-1BB7-4C52-A63E-F0092BD3C3CA}.Release|x86.Build.0 = Release|Any CPU
		{EC35561B-D4F8-4D4C-8C67-2693DC75AC66}.Debug|Any CPU.ActiveCfg = Debug|Any CPU
		{EC35561B-D4F8-4D4C-8C67-2693DC75AC66}.Debug|Any CPU.Build.0 = Debug|Any CPU
		{EC35561B-D4F8-4D4C-8C67-2693DC75AC66}.Debug|iPhone.ActiveCfg = Debug|Any CPU
		{EC35561B-D4F8-4D4C-8C67-2693DC75AC66}.Debug|iPhone.Build.0 = Debug|Any CPU
		{EC35561B-D4F8-4D4C-8C67-2693DC75AC66}.Debug|iPhoneSimulator.ActiveCfg = Debug|Any CPU
		{EC35561B-D4F8-4D4C-8C67-2693DC75AC66}.Debug|iPhoneSimulator.Build.0 = Debug|Any CPU
		{EC35561B-D4F8-4D4C-8C67-2693DC75AC66}.Debug|x86.ActiveCfg = Debug|Any CPU
		{EC35561B-D4F8-4D4C-8C67-2693DC75AC66}.Debug|x86.Build.0 = Debug|Any CPU
		{EC35561B-D4F8-4D4C-8C67-2693DC75AC66}.Release|Any CPU.ActiveCfg = Release|Any CPU
		{EC35561B-D4F8-4D4C-8C67-2693DC75AC66}.Release|Any CPU.Build.0 = Release|Any CPU
		{EC35561B-D4F8-4D4C-8C67-2693DC75AC66}.Release|iPhone.ActiveCfg = Release|Any CPU
		{EC35561B-D4F8-4D4C-8C67-2693DC75AC66}.Release|iPhone.Build.0 = Release|Any CPU
		{EC35561B-D4F8-4D4C-8C67-2693DC75AC66}.Release|iPhoneSimulator.ActiveCfg = Release|Any CPU
		{EC35561B-D4F8-4D4C-8C67-2693DC75AC66}.Release|iPhoneSimulator.Build.0 = Release|Any CPU
		{EC35561B-D4F8-4D4C-8C67-2693DC75AC66}.Release|x86.ActiveCfg = Release|Any CPU
		{EC35561B-D4F8-4D4C-8C67-2693DC75AC66}.Release|x86.Build.0 = Release|Any CPU
		{9512AC33-AB00-4003-884E-3FEB3EB08EA5}.Debug|Any CPU.ActiveCfg = Debug|Any CPU
		{9512AC33-AB00-4003-884E-3FEB3EB08EA5}.Debug|Any CPU.Build.0 = Debug|Any CPU
		{9512AC33-AB00-4003-884E-3FEB3EB08EA5}.Debug|iPhone.ActiveCfg = Debug|Any CPU
		{9512AC33-AB00-4003-884E-3FEB3EB08EA5}.Debug|iPhone.Build.0 = Debug|Any CPU
		{9512AC33-AB00-4003-884E-3FEB3EB08EA5}.Debug|iPhoneSimulator.ActiveCfg = Debug|Any CPU
		{9512AC33-AB00-4003-884E-3FEB3EB08EA5}.Debug|iPhoneSimulator.Build.0 = Debug|Any CPU
		{9512AC33-AB00-4003-884E-3FEB3EB08EA5}.Debug|x86.ActiveCfg = Debug|Any CPU
		{9512AC33-AB00-4003-884E-3FEB3EB08EA5}.Debug|x86.Build.0 = Debug|Any CPU
		{9512AC33-AB00-4003-884E-3FEB3EB08EA5}.Release|Any CPU.ActiveCfg = Release|Any CPU
		{9512AC33-AB00-4003-884E-3FEB3EB08EA5}.Release|Any CPU.Build.0 = Release|Any CPU
		{9512AC33-AB00-4003-884E-3FEB3EB08EA5}.Release|iPhone.ActiveCfg = Release|Any CPU
		{9512AC33-AB00-4003-884E-3FEB3EB08EA5}.Release|iPhone.Build.0 = Release|Any CPU
		{9512AC33-AB00-4003-884E-3FEB3EB08EA5}.Release|iPhoneSimulator.ActiveCfg = Release|Any CPU
		{9512AC33-AB00-4003-884E-3FEB3EB08EA5}.Release|iPhoneSimulator.Build.0 = Release|Any CPU
		{9512AC33-AB00-4003-884E-3FEB3EB08EA5}.Release|x86.ActiveCfg = Release|Any CPU
		{9512AC33-AB00-4003-884E-3FEB3EB08EA5}.Release|x86.Build.0 = Release|Any CPU
	EndGlobalSection
	GlobalSection(SolutionProperties) = preSolution
		HideSolutionNode = FALSE
	EndGlobalSection
	GlobalSection(ExtensibilityGlobals) = postSolution
		SolutionGuid = {097032F6-DB5B-4336-9A55-BCB2AB177CA9}
	EndGlobalSection
EndGlobal
